
Microsoft Visual Studio Solution File, Format Version 12.00
# Visual Studio Version 17
VisualStudioVersion = 17.9.34607.119
MinimumVisualStudioVersion = 10.0.40219.1
Project("{FAE04EC0-301F-11D3-BF4B-00C04F79EFBC}") = "collaboration", "collaboration.csproj", "{B8E54A30-84F0-44EE-9400-E4234C1B6380}"
EndProject
Global
	GlobalSection(SolutionConfigurationPlatforms) = preSolution
		Debug|Any CPU = Debug|Any CPU
		Release|Any CPU = Release|Any CPU
	EndGlobalSection
	GlobalSection(ProjectConfigurationPlatforms) = postSolution
		{B8E54A30-84F0-44EE-9400-E4234C1B6380}.Debug|Any CPU.ActiveCfg = Debug|Any CPU
		{B8E54A30-84F0-44EE-9400-E4234C1B6380}.Debug|Any CPU.Build.0 = Debug|Any CPU
		{B8E54A30-84F0-44EE-9400-E4234C1B6380}.Release|Any CPU.ActiveCfg = Release|Any CPU
		{B8E54A30-84F0-44EE-9400-E4234C1B6380}.Release|Any CPU.Build.0 = Release|Any CPU
	EndGlobalSection
	GlobalSection(SolutionProperties) = preSolution
		HideSolutionNode = FALSE
	EndGlobalSection
	GlobalSection(ExtensibilityGlobals) = postSolution
		SolutionGuid = {00D6B1D5-BEC4-4CAF-A0DC-7BB0C79B2134}
	EndGlobalSection
EndGlobal
